// !$*UTF8*$!
{
	archiveVersion = 1;
	classes = {
	};
	objectVersion = 55;
	objects = {

/* Begin PBXBuildFile section */
		22667E0C27B4F04D00D2F67F /* DictionaryAppApp.swift in Sources */ = {isa = PBXBuildFile; fileRef = 22667E0B27B4F04D00D2F67F /* DictionaryAppApp.swift */; };
		22667E0E27B4F04D00D2F67F /* ContentView.swift in Sources */ = {isa = PBXBuildFile; fileRef = 22667E0D27B4F04D00D2F67F /* ContentView.swift */; };
		22667E1027B4F04F00D2F67F /* Assets.xcassets in Resources */ = {isa = PBXBuildFile; fileRef = 22667E0F27B4F04F00D2F67F /* Assets.xcassets */; };
		22667E1327B4F04F00D2F67F /* Preview Assets.xcassets in Resources */ = {isa = PBXBuildFile; fileRef = 22667E1227B4F04F00D2F67F /* Preview Assets.xcassets */; };
		22667E1D27B4F05000D2F67F /* DictionaryAppTests.swift in Sources */ = {isa = PBXBuildFile; fileRef = 22667E1C27B4F05000D2F67F /* DictionaryAppTests.swift */; };
		22667E2727B4F05000D2F67F /* DictionaryAppUITests.swift in Sources */ = {isa = PBXBuildFile; fileRef = 22667E2627B4F05000D2F67F /* DictionaryAppUITests.swift */; };
		22667E2927B4F05000D2F67F /* DictionaryAppUITestsLaunchTests.swift in Sources */ = {isa = PBXBuildFile; fileRef = 22667E2827B4F05000D2F67F /* DictionaryAppUITestsLaunchTests.swift */; };
		22CA01D427B4F3E00081AE04 /* RxCocoa in Frameworks */ = {isa = PBXBuildFile; productRef = 22CA01D327B4F3E00081AE04 /* RxCocoa */; };
		22CA01D627B4F3E00081AE04 /* RxRelay in Frameworks */ = {isa = PBXBuildFile; productRef = 22CA01D527B4F3E00081AE04 /* RxRelay */; };
		22CA01D827B4F3E00081AE04 /* RxSwift in Frameworks */ = {isa = PBXBuildFile; productRef = 22CA01D727B4F3E00081AE04 /* RxSwift */; };
		22CA01DB27B4F4740081AE04 /* DictionaryAppKit in Frameworks */ = {isa = PBXBuildFile; productRef = 22CA01DA27B4F4740081AE04 /* DictionaryAppKit */; };
/* End PBXBuildFile section */

/* Begin PBXContainerItemProxy section */
		22667E1927B4F05000D2F67F /* PBXContainerItemProxy */ = {
			isa = PBXContainerItemProxy;
			containerPortal = 22667E0027B4F04D00D2F67F /* Project object */;
			proxyType = 1;
			remoteGlobalIDString = 22667E0727B4F04D00D2F67F;
			remoteInfo = DictionaryApp;
		};
		22667E2327B4F05000D2F67F /* PBXContainerItemProxy */ = {
			isa = PBXContainerItemProxy;
			containerPortal = 22667E0027B4F04D00D2F67F /* Project object */;
			proxyType = 1;
			remoteGlobalIDString = 22667E0727B4F04D00D2F67F;
			remoteInfo = DictionaryApp;
		};
/* End PBXContainerItemProxy section */

/* Begin PBXFileReference section */
		22667E0827B4F04D00D2F67F /* DictionaryApp.app */ = {isa = PBXFileReference; explicitFileType = wrapper.application; includeInIndex = 0; path = DictionaryApp.app; sourceTree = BUILT_PRODUCTS_DIR; };
		22667E0B27B4F04D00D2F67F /* DictionaryAppApp.swift */ = {isa = PBXFileReference; lastKnownFileType = sourcecode.swift; path = DictionaryAppApp.swift; sourceTree = "<group>"; };
		22667E0D27B4F04D00D2F67F /* ContentView.swift */ = {isa = PBXFileReference; lastKnownFileType = sourcecode.swift; path = ContentView.swift; sourceTree = "<group>"; };
		22667E0F27B4F04F00D2F67F /* Assets.xcassets */ = {isa = PBXFileReference; lastKnownFileType = folder.assetcatalog; path = Assets.xcassets; sourceTree = "<group>"; };
		22667E1227B4F04F00D2F67F /* Preview Assets.xcassets */ = {isa = PBXFileReference; lastKnownFileType = folder.assetcatalog; path = "Preview Assets.xcassets"; sourceTree = "<group>"; };
		22667E1827B4F05000D2F67F /* DictionaryAppTests.xctest */ = {isa = PBXFileReference; explicitFileType = wrapper.cfbundle; includeInIndex = 0; path = DictionaryAppTests.xctest; sourceTree = BUILT_PRODUCTS_DIR; };
		22667E1C27B4F05000D2F67F /* DictionaryAppTests.swift */ = {isa = PBXFileReference; lastKnownFileType = sourcecode.swift; path = DictionaryAppTests.swift; sourceTree = "<group>"; };
		22667E2227B4F05000D2F67F /* DictionaryAppUITests.xctest */ = {isa = PBXFileReference; explicitFileType = wrapper.cfbundle; includeInIndex = 0; path = DictionaryAppUITests.xctest; sourceTree = BUILT_PRODUCTS_DIR; };
		22667E2627B4F05000D2F67F /* DictionaryAppUITests.swift */ = {isa = PBXFileReference; lastKnownFileType = sourcecode.swift; path = DictionaryAppUITests.swift; sourceTree = "<group>"; };
		22667E2827B4F05000D2F67F /* DictionaryAppUITestsLaunchTests.swift */ = {isa = PBXFileReference; lastKnownFileType = sourcecode.swift; path = DictionaryAppUITestsLaunchTests.swift; sourceTree = "<group>"; };
/* End PBXFileReference section */

/* Begin PBXFrameworksBuildPhase section */
		22667E0527B4F04D00D2F67F /* Frameworks */ = {
			isa = PBXFrameworksBuildPhase;
			buildActionMask = 2147483647;
			files = (
				22CA01D827B4F3E00081AE04 /* RxSwift in Frameworks */,
				22CA01D627B4F3E00081AE04 /* RxRelay in Frameworks */,
				22CA01D427B4F3E00081AE04 /* RxCocoa in Frameworks */,
				22CA01DB27B4F4740081AE04 /* DictionaryAppKit in Frameworks */,
			);
			runOnlyForDeploymentPostprocessing = 0;
		};
		22667E1527B4F05000D2F67F /* Frameworks */ = {
			isa = PBXFrameworksBuildPhase;
			buildActionMask = 2147483647;
			files = (
			);
			runOnlyForDeploymentPostprocessing = 0;
		};
		22667E1F27B4F05000D2F67F /* Frameworks */ = {
			isa = PBXFrameworksBuildPhase;
			buildActionMask = 2147483647;
			files = (
			);
			runOnlyForDeploymentPostprocessing = 0;
		};
/* End PBXFrameworksBuildPhase section */

/* Begin PBXGroup section */
		22667DFF27B4F04D00D2F67F = {
			isa = PBXGroup;
			children = (
				22667E0A27B4F04D00D2F67F /* DictionaryApp */,
				22667E1B27B4F05000D2F67F /* DictionaryAppTests */,
				22667E2527B4F05000D2F67F /* DictionaryAppUITests */,
				22667E0927B4F04D00D2F67F /* Products */,
			);
			sourceTree = "<group>";
		};
		22667E0927B4F04D00D2F67F /* Products */ = {
			isa = PBXGroup;
			children = (
				22667E0827B4F04D00D2F67F /* DictionaryApp.app */,
				22667E1827B4F05000D2F67F /* DictionaryAppTests.xctest */,
				22667E2227B4F05000D2F67F /* DictionaryAppUITests.xctest */,
			);
			name = Products;
			sourceTree = "<group>";
		};
		22667E0A27B4F04D00D2F67F /* DictionaryApp */ = {
			isa = PBXGroup;
			children = (
				22667E0B27B4F04D00D2F67F /* DictionaryAppApp.swift */,
				22667E0D27B4F04D00D2F67F /* ContentView.swift */,
				22667E0F27B4F04F00D2F67F /* Assets.xcassets */,
				22667E1127B4F04F00D2F67F /* Preview Content */,
			);
			path = DictionaryApp;
			sourceTree = "<group>";
		};
		22667E1127B4F04F00D2F67F /* Preview Content */ = {
			isa = PBXGroup;
			children = (
				22667E1227B4F04F00D2F67F /* Preview Assets.xcassets */,
			);
			path = "Preview Content";
			sourceTree = "<group>";
		};
		22667E1B27B4F05000D2F67F /* DictionaryAppTests */ = {
			isa = PBXGroup;
			children = (
				22667E1C27B4F05000D2F67F /* DictionaryAppTests.swift */,
			);
			path = DictionaryAppTests;
			sourceTree = "<group>";
		};
		22667E2527B4F05000D2F67F /* DictionaryAppUITests */ = {
			isa = PBXGroup;
			children = (
				22667E2627B4F05000D2F67F /* DictionaryAppUITests.swift */,
				22667E2827B4F05000D2F67F /* DictionaryAppUITestsLaunchTests.swift */,
			);
			path = DictionaryAppUITests;
			sourceTree = "<group>";
		};
/* End PBXGroup section */

/* Begin PBXNativeTarget section */
		22667E0727B4F04D00D2F67F /* DictionaryApp */ = {
			isa = PBXNativeTarget;
			buildConfigurationList = 22667E2C27B4F05000D2F67F /* Build configuration list for PBXNativeTarget "DictionaryApp" */;
			buildPhases = (
				22667E0427B4F04D00D2F67F /* Sources */,
				22667E0527B4F04D00D2F67F /* Frameworks */,
				22667E0627B4F04D00D2F67F /* Resources */,
			);
			buildRules = (
			);
			dependencies = (
			);
			name = DictionaryApp;
			packageProductDependencies = (
				22CA01D327B4F3E00081AE04 /* RxCocoa */,
				22CA01D527B4F3E00081AE04 /* RxRelay */,
				22CA01D727B4F3E00081AE04 /* RxSwift */,
				22CA01DA27B4F4740081AE04 /* DictionaryAppKit */,
			);
			productName = DictionaryApp;
			productReference = 22667E0827B4F04D00D2F67F /* DictionaryApp.app */;
			productType = "com.apple.product-type.application";
		};
		22667E1727B4F05000D2F67F /* DictionaryAppTests */ = {
			isa = PBXNativeTarget;
			buildConfigurationList = 22667E2F27B4F05000D2F67F /* Build configuration list for PBXNativeTarget "DictionaryAppTests" */;
			buildPhases = (
				22667E1427B4F05000D2F67F /* Sources */,
				22667E1527B4F05000D2F67F /* Frameworks */,
				22667E1627B4F05000D2F67F /* Resources */,
			);
			buildRules = (
			);
			dependencies = (
				22667E1A27B4F05000D2F67F /* PBXTargetDependency */,
			);
			name = DictionaryAppTests;
			productName = DictionaryAppTests;
			productReference = 22667E1827B4F05000D2F67F /* DictionaryAppTests.xctest */;
			productType = "com.apple.product-type.bundle.unit-test";
		};
		22667E2127B4F05000D2F67F /* DictionaryAppUITests */ = {
			isa = PBXNativeTarget;
			buildConfigurationList = 22667E3227B4F05000D2F67F /* Build configuration list for PBXNativeTarget "DictionaryAppUITests" */;
			buildPhases = (
				22667E1E27B4F05000D2F67F /* Sources */,
				22667E1F27B4F05000D2F67F /* Frameworks */,
				22667E2027B4F05000D2F67F /* Resources */,
			);
			buildRules = (
			);
			dependencies = (
				22667E2427B4F05000D2F67F /* PBXTargetDependency */,
			);
			name = DictionaryAppUITests;
			productName = DictionaryAppUITests;
			productReference = 22667E2227B4F05000D2F67F /* DictionaryAppUITests.xctest */;
			productType = "com.apple.product-type.bundle.ui-testing";
		};
/* End PBXNativeTarget section */

/* Begin PBXProject section */
		22667E0027B4F04D00D2F67F /* Project object */ = {
			isa = PBXProject;
			attributes = {
				BuildIndependentTargetsInParallel = 1;
				LastSwiftUpdateCheck = 1310;
				LastUpgradeCheck = 1310;
				TargetAttributes = {
					22667E0727B4F04D00D2F67F = {
						CreatedOnToolsVersion = 13.1;
					};
					22667E1727B4F05000D2F67F = {
						CreatedOnToolsVersion = 13.1;
						TestTargetID = 22667E0727B4F04D00D2F67F;
					};
					22667E2127B4F05000D2F67F = {
						CreatedOnToolsVersion = 13.1;
						TestTargetID = 22667E0727B4F04D00D2F67F;
					};
				};
			};
			buildConfigurationList = 22667E0327B4F04D00D2F67F /* Build configuration list for PBXProject "DictionaryApp" */;
			compatibilityVersion = "Xcode 13.0";
			developmentRegion = en;
			hasScannedForEncodings = 0;
			knownRegions = (
				en,
				Base,
			);
			mainGroup = 22667DFF27B4F04D00D2F67F;
			packageReferences = (
				22CA01D227B4F3E00081AE04 /* XCRemoteSwiftPackageReference "RxSwift" */,
				22CA01D927B4F4740081AE04 /* XCRemoteSwiftPackageReference "DictionaryAppKit" */,
			);
			productRefGroup = 22667E0927B4F04D00D2F67F /* Products */;
			projectDirPath = "";
			projectRoot = "";
			targets = (
				22667E0727B4F04D00D2F67F /* DictionaryApp */,
				22667E1727B4F05000D2F67F /* DictionaryAppTests */,
				22667E2127B4F05000D2F67F /* DictionaryAppUITests */,
			);
		};
/* End PBXProject section */

/* Begin PBXResourcesBuildPhase section */
		22667E0627B4F04D00D2F67F /* Resources */ = {
			isa = PBXResourcesBuildPhase;
			buildActionMask = 2147483647;
			files = (
				22667E1327B4F04F00D2F67F /* Preview Assets.xcassets in Resources */,
				22667E1027B4F04F00D2F67F /* Assets.xcassets in Resources */,
			);
			runOnlyForDeploymentPostprocessing = 0;
		};
		22667E1627B4F05000D2F67F /* Resources */ = {
			isa = PBXResourcesBuildPhase;
			buildActionMask = 2147483647;
			files = (
			);
			runOnlyForDeploymentPostprocessing = 0;
		};
		22667E2027B4F05000D2F67F /* Resources */ = {
			isa = PBXResourcesBuildPhase;
			buildActionMask = 2147483647;
			files = (
			);
			runOnlyForDeploymentPostprocessing = 0;
		};
/* End PBXResourcesBuildPhase section */

/* Begin PBXSourcesBuildPhase section */
		22667E0427B4F04D00D2F67F /* Sources */ = {
			isa = PBXSourcesBuildPhase;
			buildActionMask = 2147483647;
			files = (
				22667E0E27B4F04D00D2F67F /* ContentView.swift in Sources */,
				22667E0C27B4F04D00D2F67F /* DictionaryAppApp.swift in Sources */,
			);
			runOnlyForDeploymentPostprocessing = 0;
		};
		22667E1427B4F05000D2F67F /* Sources */ = {
			isa = PBXSourcesBuildPhase;
			buildActionMask = 2147483647;
			files = (
				22667E1D27B4F05000D2F67F /* DictionaryAppTests.swift in Sources */,
			);
			runOnlyForDeploymentPostprocessing = 0;
		};
		22667E1E27B4F05000D2F67F /* Sources */ = {
			isa = PBXSourcesBuildPhase;
			buildActionMask = 2147483647;
			files = (
				22667E2927B4F05000D2F67F /* DictionaryAppUITestsLaunchTests.swift in Sources */,
				22667E2727B4F05000D2F67F /* DictionaryAppUITests.swift in Sources */,
			);
			runOnlyForDeploymentPostprocessing = 0;
		};
/* End PBXSourcesBuildPhase section */

/* Begin PBXTargetDependency section */
		22667E1A27B4F05000D2F67F /* PBXTargetDependency */ = {
			isa = PBXTargetDependency;
			target = 22667E0727B4F04D00D2F67F /* DictionaryApp */;
			targetProxy = 22667E1927B4F05000D2F67F /* PBXContainerItemProxy */;
		};
		22667E2427B4F05000D2F67F /* PBXTargetDependency */ = {
			isa = PBXTargetDependency;
			target = 22667E0727B4F04D00D2F67F /* DictionaryApp */;
			targetProxy = 22667E2327B4F05000D2F67F /* PBXContainerItemProxy */;
		};
/* End PBXTargetDependency section */

/* Begin XCBuildConfiguration section */
		22667E2A27B4F05000D2F67F /* Debug */ = {
			isa = XCBuildConfiguration;
			buildSettings = {
				ALWAYS_SEARCH_USER_PATHS = NO;
				CLANG_ANALYZER_NONNULL = YES;
				CLANG_ANALYZER_NUMBER_OBJECT_CONVERSION = YES_AGGRESSIVE;
				CLANG_CXX_LANGUAGE_STANDARD = "gnu++17";
				CLANG_CXX_LIBRARY = "libc++";
				CLANG_ENABLE_MODULES = YES;
				CLANG_ENABLE_OBJC_ARC = YES;
				CLANG_ENABLE_OBJC_WEAK = YES;
				CLANG_WARN_BLOCK_CAPTURE_AUTORELEASING = YES;
				CLANG_WARN_BOOL_CONVERSION = YES;
				CLANG_WARN_COMMA = YES;
				CLANG_WARN_CONSTANT_CONVERSION = YES;
				CLANG_WARN_DEPRECATED_OBJC_IMPLEMENTATIONS = YES;
				CLANG_WARN_DIRECT_OBJC_ISA_USAGE = YES_ERROR;
				CLANG_WARN_DOCUMENTATION_COMMENTS = YES;
				CLANG_WARN_EMPTY_BODY = YES;
				CLANG_WARN_ENUM_CONVERSION = YES;
				CLANG_WARN_INFINITE_RECURSION = YES;
				CLANG_WARN_INT_CONVERSION = YES;
				CLANG_WARN_NON_LITERAL_NULL_CONVERSION = YES;
				CLANG_WARN_OBJC_IMPLICIT_RETAIN_SELF = YES;
				CLANG_WARN_OBJC_LITERAL_CONVERSION = YES;
				CLANG_WARN_OBJC_ROOT_CLASS = YES_ERROR;
				CLANG_WARN_QUOTED_INCLUDE_IN_FRAMEWORK_HEADER = YES;
				CLANG_WARN_RANGE_LOOP_ANALYSIS = YES;
				CLANG_WARN_STRICT_PROTOTYPES = YES;
				CLANG_WARN_SUSPICIOUS_MOVE = YES;
				CLANG_WARN_UNGUARDED_AVAILABILITY = YES_AGGRESSIVE;
				CLANG_WARN_UNREACHABLE_CODE = YES;
				CLANG_WARN__DUPLICATE_METHOD_MATCH = YES;
				COPY_PHASE_STRIP = NO;
				DEBUG_INFORMATION_FORMAT = dwarf;
				ENABLE_STRICT_OBJC_MSGSEND = YES;
				ENABLE_TESTABILITY = YES;
				GCC_C_LANGUAGE_STANDARD = gnu11;
				GCC_DYNAMIC_NO_PIC = NO;
				GCC_NO_COMMON_BLOCKS = YES;
				GCC_OPTIMIZATION_LEVEL = 0;
				GCC_PREPROCESSOR_DEFINITIONS = (
					"DEBUG=1",
					"$(inherited)",
				);
				GCC_WARN_64_TO_32_BIT_CONVERSION = YES;
				GCC_WARN_ABOUT_RETURN_TYPE = YES_ERROR;
				GCC_WARN_UNDECLARED_SELECTOR = YES;
				GCC_WARN_UNINITIALIZED_AUTOS = YES_AGGRESSIVE;
				GCC_WARN_UNUSED_FUNCTION = YES;
				GCC_WARN_UNUSED_VARIABLE = YES;
				IPHONEOS_DEPLOYMENT_TARGET = 15.0;
				MTL_ENABLE_DEBUG_INFO = INCLUDE_SOURCE;
				MTL_FAST_MATH = YES;
				ONLY_ACTIVE_ARCH = YES;
				SDKROOT = iphoneos;
				SWIFT_ACTIVE_COMPILATION_CONDITIONS = DEBUG;
				SWIFT_OPTIMIZATION_LEVEL = "-Onone";
			};
			name = Debug;
		};
		22667E2B27B4F05000D2F67F /* Release */ = {
			isa = XCBuildConfiguration;
			buildSettings = {
				ALWAYS_SEARCH_USER_PATHS = NO;
				CLANG_ANALYZER_NONNULL = YES;
				CLANG_ANALYZER_NUMBER_OBJECT_CONVERSION = YES_AGGRESSIVE;
				CLANG_CXX_LANGUAGE_STANDARD = "gnu++17";
				CLANG_CXX_LIBRARY = "libc++";
				CLANG_ENABLE_MODULES = YES;
				CLANG_ENABLE_OBJC_ARC = YES;
				CLANG_ENABLE_OBJC_WEAK = YES;
				CLANG_WARN_BLOCK_CAPTURE_AUTORELEASING = YES;
				CLANG_WARN_BOOL_CONVERSION = YES;
				CLANG_WARN_COMMA = YES;
				CLANG_WARN_CONSTANT_CONVERSION = YES;
				CLANG_WARN_DEPRECATED_OBJC_IMPLEMENTATIONS = YES;
				CLANG_WARN_DIRECT_OBJC_ISA_USAGE = YES_ERROR;
				CLANG_WARN_DOCUMENTATION_COMMENTS = YES;
				CLANG_WARN_EMPTY_BODY = YES;
				CLANG_WARN_ENUM_CONVERSION = YES;
				CLANG_WARN_INFINITE_RECURSION = YES;
				CLANG_WARN_INT_CONVERSION = YES;
				CLANG_WARN_NON_LITERAL_NULL_CONVERSION = YES;
				CLANG_WARN_OBJC_IMPLICIT_RETAIN_SELF = YES;
				CLANG_WARN_OBJC_LITERAL_CONVERSION = YES;
				CLANG_WARN_OBJC_ROOT_CLASS = YES_ERROR;
				CLANG_WARN_QUOTED_INCLUDE_IN_FRAMEWORK_HEADER = YES;
				CLANG_WARN_RANGE_LOOP_ANALYSIS = YES;
				CLANG_WARN_STRICT_PROTOTYPES = YES;
				CLANG_WARN_SUSPICIOUS_MOVE = YES;
				CLANG_WARN_UNGUARDED_AVAILABILITY = YES_AGGRESSIVE;
				CLANG_WARN_UNREACHABLE_CODE = YES;
				CLANG_WARN__DUPLICATE_METHOD_MATCH = YES;
				COPY_PHASE_STRIP = NO;
				DEBUG_INFORMATION_FORMAT = "dwarf-with-dsym";
				ENABLE_NS_ASSERTIONS = NO;
				ENABLE_STRICT_OBJC_MSGSEND = YES;
				GCC_C_LANGUAGE_STANDARD = gnu11;
				GCC_NO_COMMON_BLOCKS = YES;
				GCC_WARN_64_TO_32_BIT_CONVERSION = YES;
				GCC_WARN_ABOUT_RETURN_TYPE = YES_ERROR;
				GCC_WARN_UNDECLARED_SELECTOR = YES;
				GCC_WARN_UNINITIALIZED_AUTOS = YES_AGGRESSIVE;
				GCC_WARN_UNUSED_FUNCTION = YES;
				GCC_WARN_UNUSED_VARIABLE = YES;
				IPHONEOS_DEPLOYMENT_TARGET = 15.0;
				MTL_ENABLE_DEBUG_INFO = NO;
				MTL_FAST_MATH = YES;
				SDKROOT = iphoneos;
				SWIFT_COMPILATION_MODE = wholemodule;
				SWIFT_OPTIMIZATION_LEVEL = "-O";
				VALIDATE_PRODUCT = YES;
			};
			name = Release;
		};
		22667E2D27B4F05000D2F67F /* Debug */ = {
			isa = XCBuildConfiguration;
			buildSettings = {
				ASSETCATALOG_COMPILER_APPICON_NAME = AppIcon;
				ASSETCATALOG_COMPILER_GLOBAL_ACCENT_COLOR_NAME = AccentColor;
				CODE_SIGN_STYLE = Automatic;
				CURRENT_PROJECT_VERSION = 1;
				DEVELOPMENT_ASSET_PATHS = "\"DictionaryApp/Preview Content\"";
				DEVELOPMENT_TEAM = 27FY64RUCC;
				ENABLE_PREVIEWS = YES;
				GENERATE_INFOPLIST_FILE = YES;
				INFOPLIST_KEY_UIApplicationSceneManifest_Generation = YES;
				INFOPLIST_KEY_UIApplicationSupportsIndirectInputEvents = YES;
				INFOPLIST_KEY_UILaunchScreen_Generation = YES;
				INFOPLIST_KEY_UISupportedInterfaceOrientations_iPad = "UIInterfaceOrientationPortrait UIInterfaceOrientationPortraitUpsideDown UIInterfaceOrientationLandscapeLeft UIInterfaceOrientationLandscapeRight";
				INFOPLIST_KEY_UISupportedInterfaceOrientations_iPhone = "UIInterfaceOrientationPortrait UIInterfaceOrientationLandscapeLeft UIInterfaceOrientationLandscapeRight";
				LD_RUNPATH_SEARCH_PATHS = (
					"$(inherited)",
					"@executable_path/Frameworks",
				);
				MARKETING_VERSION = 1.0;
				PRODUCT_BUNDLE_IDENTIFIER = com.kong.DictionaryApp;
				PRODUCT_NAME = "$(TARGET_NAME)";
				SWIFT_EMIT_LOC_STRINGS = YES;
				SWIFT_VERSION = 5.0;
				TARGETED_DEVICE_FAMILY = "1,2";
			};
			name = Debug;
		};
		22667E2E27B4F05000D2F67F /* Release */ = {
			isa = XCBuildConfiguration;
			buildSettings = {
				ASSETCATALOG_COMPILER_APPICON_NAME = AppIcon;
				ASSETCATALOG_COMPILER_GLOBAL_ACCENT_COLOR_NAME = AccentColor;
				CODE_SIGN_STYLE = Automatic;
				CURRENT_PROJECT_VERSION = 1;
				DEVELOPMENT_ASSET_PATHS = "\"DictionaryApp/Preview Content\"";
				DEVELOPMENT_TEAM = 27FY64RUCC;
				ENABLE_PREVIEWS = YES;
				GENERATE_INFOPLIST_FILE = YES;
				INFOPLIST_KEY_UIApplicationSceneManifest_Generation = YES;
				INFOPLIST_KEY_UIApplicationSupportsIndirectInputEvents = YES;
				INFOPLIST_KEY_UILaunchScreen_Generation = YES;
				INFOPLIST_KEY_UISupportedInterfaceOrientations_iPad = "UIInterfaceOrientationPortrait UIInterfaceOrientationPortraitUpsideDown UIInterfaceOrientationLandscapeLeft UIInterfaceOrientationLandscapeRight";
				INFOPLIST_KEY_UISupportedInterfaceOrientations_iPhone = "UIInterfaceOrientationPortrait UIInterfaceOrientationLandscapeLeft UIInterfaceOrientationLandscapeRight";
				LD_RUNPATH_SEARCH_PATHS = (
					"$(inherited)",
					"@executable_path/Frameworks",
				);
				MARKETING_VERSION = 1.0;
				PRODUCT_BUNDLE_IDENTIFIER = com.kong.DictionaryApp;
				PRODUCT_NAME = "$(TARGET_NAME)";
				SWIFT_EMIT_LOC_STRINGS = YES;
				SWIFT_VERSION = 5.0;
				TARGETED_DEVICE_FAMILY = "1,2";
			};
			name = Release;
		};
		22667E3027B4F05000D2F67F /* Debug */ = {
			isa = XCBuildConfiguration;
			buildSettings = {
				ALWAYS_EMBED_SWIFT_STANDARD_LIBRARIES = YES;
				BUNDLE_LOADER = "$(TEST_HOST)";
				CODE_SIGN_STYLE = Automatic;
				CURRENT_PROJECT_VERSION = 1;
				DEVELOPMENT_TEAM = 27FY64RUCC;
				GENERATE_INFOPLIST_FILE = YES;
				IPHONEOS_DEPLOYMENT_TARGET = 15.0;
				LD_RUNPATH_SEARCH_PATHS = (
					"$(inherited)",
					"@executable_path/Frameworks",
					"@loader_path/Frameworks",
				);
				MARKETING_VERSION = 1.0;
				PRODUCT_BUNDLE_IDENTIFIER = com.kong.DictionaryAppTests;
				PRODUCT_NAME = "$(TARGET_NAME)";
				SWIFT_EMIT_LOC_STRINGS = NO;
				SWIFT_VERSION = 5.0;
				TARGETED_DEVICE_FAMILY = "1,2";
				TEST_HOST = "$(BUILT_PRODUCTS_DIR)/DictionaryApp.app/DictionaryApp";
			};
			name = Debug;
		};
		22667E3127B4F05000D2F67F /* Release */ = {
			isa = XCBuildConfiguration;
			buildSettings = {
				ALWAYS_EMBED_SWIFT_STANDARD_LIBRARIES = YES;
				BUNDLE_LOADER = "$(TEST_HOST)";
				CODE_SIGN_STYLE = Automatic;
				CURRENT_PROJECT_VERSION = 1;
				DEVELOPMENT_TEAM = 27FY64RUCC;
				GENERATE_INFOPLIST_FILE = YES;
				IPHONEOS_DEPLOYMENT_TARGET = 15.0;
				LD_RUNPATH_SEARCH_PATHS = (
					"$(inherited)",
					"@executable_path/Frameworks",
					"@loader_path/Frameworks",
				);
				MARKETING_VERSION = 1.0;
				PRODUCT_BUNDLE_IDENTIFIER = com.kong.DictionaryAppTests;
				PRODUCT_NAME = "$(TARGET_NAME)";
				SWIFT_EMIT_LOC_STRINGS = NO;
				SWIFT_VERSION = 5.0;
				TARGETED_DEVICE_FAMILY = "1,2";
				TEST_HOST = "$(BUILT_PRODUCTS_DIR)/DictionaryApp.app/DictionaryApp";
			};
			name = Release;
		};
		22667E3327B4F05000D2F67F /* Debug */ = {
			isa = XCBuildConfiguration;
			buildSettings = {
				ALWAYS_EMBED_SWIFT_STANDARD_LIBRARIES = YES;
				CODE_SIGN_STYLE = Automatic;
				CURRENT_PROJECT_VERSION = 1;
				DEVELOPMENT_TEAM = 27FY64RUCC;
				GENERATE_INFOPLIST_FILE = YES;
				LD_RUNPATH_SEARCH_PATHS = (
					"$(inherited)",
					"@executable_path/Frameworks",
					"@loader_path/Frameworks",
				);
				MARKETING_VERSION = 1.0;
				PRODUCT_BUNDLE_IDENTIFIER = com.kong.DictionaryAppUITests;
				PRODUCT_NAME = "$(TARGET_NAME)";
				SWIFT_EMIT_LOC_STRINGS = NO;
				SWIFT_VERSION = 5.0;
				TARGETED_DEVICE_FAMILY = "1,2";
				TEST_TARGET_NAME = DictionaryApp;
			};
			name = Debug;
		};
		22667E3427B4F05000D2F67F /* Release */ = {
			isa = XCBuildConfiguration;
			buildSettings = {
				ALWAYS_EMBED_SWIFT_STANDARD_LIBRARIES = YES;
				CODE_SIGN_STYLE = Automatic;
				CURRENT_PROJECT_VERSION = 1;
				DEVELOPMENT_TEAM = 27FY64RUCC;
				GENERATE_INFOPLIST_FILE = YES;
				LD_RUNPATH_SEARCH_PATHS = (
					"$(inherited)",
					"@executable_path/Frameworks",
					"@loader_path/Frameworks",
				);
				MARKETING_VERSION = 1.0;
				PRODUCT_BUNDLE_IDENTIFIER = com.kong.DictionaryAppUITests;
				PRODUCT_NAME = "$(TARGET_NAME)";
				SWIFT_EMIT_LOC_STRINGS = NO;
				SWIFT_VERSION = 5.0;
				TARGETED_DEVICE_FAMILY = "1,2";
				TEST_TARGET_NAME = DictionaryApp;
			};
			name = Release;
		};
/* End XCBuildConfiguration section */

/* Begin XCConfigurationList section */
		22667E0327B4F04D00D2F67F /* Build configuration list for PBXProject "DictionaryApp" */ = {
			isa = XCConfigurationList;
			buildConfigurations = (
				22667E2A27B4F05000D2F67F /* Debug */,
				22667E2B27B4F05000D2F67F /* Release */,
			);
			defaultConfigurationIsVisible = 0;
			defaultConfigurationName = Release;
		};
		22667E2C27B4F05000D2F67F /* Build configuration list for PBXNativeTarget "DictionaryApp" */ = {
			isa = XCConfigurationList;
			buildConfigurations = (
				22667E2D27B4F05000D2F67F /* Debug */,
				22667E2E27B4F05000D2F67F /* Release */,
			);
			defaultConfigurationIsVisible = 0;
			defaultConfigurationName = Release;
		};
		22667E2F27B4F05000D2F67F /* Build configuration list for PBXNativeTarget "DictionaryAppTests" */ = {
			isa = XCConfigurationList;
			buildConfigurations = (
				22667E3027B4F05000D2F67F /* Debug */,
				22667E3127B4F05000D2F67F /* Release */,
			);
			defaultConfigurationIsVisible = 0;
			defaultConfigurationName = Release;
		};
		22667E3227B4F05000D2F67F /* Build configuration list for PBXNativeTarget "DictionaryAppUITests" */ = {
			isa = XCConfigurationList;
			buildConfigurations = (
				22667E3327B4F05000D2F67F /* Debug */,
				22667E3427B4F05000D2F67F /* Release */,
			);
			defaultConfigurationIsVisible = 0;
			defaultConfigurationName = Release;
		};
/* End XCConfigurationList section */

/* Begin XCRemoteSwiftPackageReference section */
		22CA01D227B4F3E00081AE04 /* XCRemoteSwiftPackageReference "RxSwift" */ = {
			isa = XCRemoteSwiftPackageReference;
			repositoryURL = "https://github.com/ReactiveX/RxSwift.git";
			requirement = {
				kind = upToNextMajorVersion;
				minimumVersion = 6.0.0;
			};
		};
		22CA01D927B4F4740081AE04 /* XCRemoteSwiftPackageReference "DictionaryAppKit" */ = {
			isa = XCRemoteSwiftPackageReference;
			repositoryURL = "file:///Users/sorawit/Documents/projects/DictionaryApp/DictionaryAppKit";
			requirement = {
				branch = master;
				kind = branch;
			};
		};
/* End XCRemoteSwiftPackageReference section */

/* Begin XCSwiftPackageProductDependency section */
		22CA01D327B4F3E00081AE04 /* RxCocoa */ = {
			isa = XCSwiftPackageProductDependency;
			package = 22CA01D227B4F3E00081AE04 /* XCRemoteSwiftPackageReference "RxSwift" */;
			productName = RxCocoa;
		};
		22CA01D527B4F3E00081AE04 /* RxRelay */ = {
			isa = XCSwiftPackageProductDependency;
			package = 22CA01D227B4F3E00081AE04 /* XCRemoteSwiftPackageReference "RxSwift" */;
			productName = RxRelay;
		};
		22CA01D727B4F3E00081AE04 /* RxSwift */ = {
			isa = XCSwiftPackageProductDependency;
			package = 22CA01D227B4F3E00081AE04 /* XCRemoteSwiftPackageReference "RxSwift" */;
			productName = RxSwift;
		};
		22CA01DA27B4F4740081AE04 /* DictionaryAppKit */ = {
			isa = XCSwiftPackageProductDependency;
			package = 22CA01D927B4F4740081AE04 /* XCRemoteSwiftPackageReference "DictionaryAppKit" */;
			productName = DictionaryAppKit;
		};
/* End XCSwiftPackageProductDependency section */
	};
	rootObject = 22667E0027B4F04D00D2F67F /* Project object */;
}
